// !$*UTF8*$!
{
	archiveVersion = 1;
	classes = {
	};
	objectVersion = 46;
	objects = {

/* Begin PBXBuildFile section */
		13B07FBC1A68108700A75B9A /* AppDelegate.m in Sources */ = {isa = PBXBuildFile; fileRef = 13B07FB01A68108700A75B9A /* AppDelegate.m */; };
		13B07FBD1A68108700A75B9A /* LaunchScreen.xib in Resources */ = {isa = PBXBuildFile; fileRef = 13B07FB11A68108700A75B9A /* LaunchScreen.xib */; };
		13B07FC11A68108700A75B9A /* main.m in Sources */ = {isa = PBXBuildFile; fileRef = 13B07FB71A68108700A75B9A /* main.m */; };
		49007314238D2117002559C8 /* InfoPlist.strings in Resources */ = {isa = PBXBuildFile; fileRef = 49007316238D2117002559C8 /* InfoPlist.strings */; };
		492E7756236212020037CF52 /* GoogleService-Info.plist in Resources */ = {isa = PBXBuildFile; fileRef = 492E7755236212020037CF52 /* GoogleService-Info.plist */; };
		492E776823621ED60037CF52 /* Fontisto.ttf in Resources */ = {isa = PBXBuildFile; fileRef = 492E775823621ED60037CF52 /* Fontisto.ttf */; };
		492E776923621ED60037CF52 /* Octicons.ttf in Resources */ = {isa = PBXBuildFile; fileRef = 492E775923621ED60037CF52 /* Octicons.ttf */; };
		492E776A23621ED60037CF52 /* Feather.ttf in Resources */ = {isa = PBXBuildFile; fileRef = 492E775A23621ED60037CF52 /* Feather.ttf */; };
		492E776B23621ED60037CF52 /* Entypo.ttf in Resources */ = {isa = PBXBuildFile; fileRef = 492E775B23621ED60037CF52 /* Entypo.ttf */; };
		492E776C23621ED60037CF52 /* FontAwesome5_Brands.ttf in Resources */ = {isa = PBXBuildFile; fileRef = 492E775C23621ED60037CF52 /* FontAwesome5_Brands.ttf */; };
		492E776D23621ED60037CF52 /* MaterialCommunityIcons.ttf in Resources */ = {isa = PBXBuildFile; fileRef = 492E775D23621ED60037CF52 /* MaterialCommunityIcons.ttf */; };
		492E776E23621ED60037CF52 /* AntDesign.ttf in Resources */ = {isa = PBXBuildFile; fileRef = 492E775E23621ED60037CF52 /* AntDesign.ttf */; };
		492E776F23621ED60037CF52 /* Foundation.ttf in Resources */ = {isa = PBXBuildFile; fileRef = 492E775F23621ED60037CF52 /* Foundation.ttf */; };
		492E777023621ED60037CF52 /* Ionicons.ttf in Resources */ = {isa = PBXBuildFile; fileRef = 492E776023621ED60037CF52 /* Ionicons.ttf */; };
		492E777123621ED60037CF52 /* FontAwesome5_Solid.ttf in Resources */ = {isa = PBXBuildFile; fileRef = 492E776123621ED60037CF52 /* FontAwesome5_Solid.ttf */; };
		492E777223621ED60037CF52 /* FontAwesome5_Regular.ttf in Resources */ = {isa = PBXBuildFile; fileRef = 492E776223621ED60037CF52 /* FontAwesome5_Regular.ttf */; };
		492E777323621ED60037CF52 /* FontAwesome.ttf in Resources */ = {isa = PBXBuildFile; fileRef = 492E776323621ED60037CF52 /* FontAwesome.ttf */; };
		492E777423621ED60037CF52 /* Zocial.ttf in Resources */ = {isa = PBXBuildFile; fileRef = 492E776423621ED60037CF52 /* Zocial.ttf */; };
		492E777523621ED60037CF52 /* EvilIcons.ttf in Resources */ = {isa = PBXBuildFile; fileRef = 492E776523621ED60037CF52 /* EvilIcons.ttf */; };
		492E777623621ED60037CF52 /* SimpleLineIcons.ttf in Resources */ = {isa = PBXBuildFile; fileRef = 492E776623621ED60037CF52 /* SimpleLineIcons.ttf */; };
		492E777723621ED60037CF52 /* MaterialIcons.ttf in Resources */ = {isa = PBXBuildFile; fileRef = 492E776723621ED60037CF52 /* MaterialIcons.ttf */; };
		492E7784236223090037CF52 /* opensans-extra-bold-italic.ttf in Resources */ = {isa = PBXBuildFile; fileRef = 492E7779236223090037CF52 /* opensans-extra-bold-italic.ttf */; };
		492E7785236223090037CF52 /* opensans-semibold.ttf in Resources */ = {isa = PBXBuildFile; fileRef = 492E777A236223090037CF52 /* opensans-semibold.ttf */; };
		492E7786236223090037CF52 /* opensans-bold-italic.ttf in Resources */ = {isa = PBXBuildFile; fileRef = 492E777B236223090037CF52 /* opensans-bold-italic.ttf */; };
		492E7787236223090037CF52 /* SpaceMono-Regular.ttf in Resources */ = {isa = PBXBuildFile; fileRef = 492E777C236223090037CF52 /* SpaceMono-Regular.ttf */; };
		492E7788236223090037CF52 /* opensans-light.ttf in Resources */ = {isa = PBXBuildFile; fileRef = 492E777D236223090037CF52 /* opensans-light.ttf */; };
		492E7789236223090037CF52 /* opensans-italic.ttf in Resources */ = {isa = PBXBuildFile; fileRef = 492E777E236223090037CF52 /* opensans-italic.ttf */; };
		492E778A236223090037CF52 /* opensans-bold.ttf in Resources */ = {isa = PBXBuildFile; fileRef = 492E777F236223090037CF52 /* opensans-bold.ttf */; };
		492E778B236223090037CF52 /* opensans-extra-bold.ttf in Resources */ = {isa = PBXBuildFile; fileRef = 492E7780236223090037CF52 /* opensans-extra-bold.ttf */; };
		492E778C236223090037CF52 /* opensans-semibold-italic.ttf in Resources */ = {isa = PBXBuildFile; fileRef = 492E7781236223090037CF52 /* opensans-semibold-italic.ttf */; };
		492E778D236223090037CF52 /* opensans-lignt-italic.ttf in Resources */ = {isa = PBXBuildFile; fileRef = 492E7782236223090037CF52 /* opensans-lignt-italic.ttf */; };
		492E778E236223090037CF52 /* opensans-regular.ttf in Resources */ = {isa = PBXBuildFile; fileRef = 492E7783236223090037CF52 /* opensans-regular.ttf */; };
		49EC72332365D5040001B5C0 /* Images.xcassets in Resources */ = {isa = PBXBuildFile; fileRef = 49EC72322365D5040001B5C0 /* Images.xcassets */; };
		CF4600D7D65731894697F693 /* libPods-Melone.a in Frameworks */ = {isa = PBXBuildFile; fileRef = F3345C1132A34674AB39528D /* libPods-Melone.a */; };
/* End PBXBuildFile section */

/* Begin PBXFileReference section */
		008F07F21AC5B25A0029DE68 /* main.jsbundle */ = {isa = PBXFileReference; fileEncoding = 4; lastKnownFileType = text; path = main.jsbundle; sourceTree = "<group>"; };
		0725E5FE5E47B6BAC348825E /* Pods-Melone-tvOSTests.debug.xcconfig */ = {isa = PBXFileReference; includeInIndex = 1; lastKnownFileType = text.xcconfig; name = "Pods-Melone-tvOSTests.debug.xcconfig"; path = "Target Support Files/Pods-Melone-tvOSTests/Pods-Melone-tvOSTests.debug.xcconfig"; sourceTree = "<group>"; };
		0BA51F0DBC002C99616E6CE1 /* libPods-Melone-tvOS.a */ = {isa = PBXFileReference; explicitFileType = archive.ar; includeInIndex = 0; path = "libPods-Melone-tvOS.a"; sourceTree = BUILT_PRODUCTS_DIR; };
		13B07F961A680F5B00A75B9A /* Melone.app */ = {isa = PBXFileReference; explicitFileType = wrapper.application; includeInIndex = 0; path = Melone.app; sourceTree = BUILT_PRODUCTS_DIR; };
		13B07FAF1A68108700A75B9A /* AppDelegate.h */ = {isa = PBXFileReference; fileEncoding = 4; lastKnownFileType = sourcecode.c.h; name = AppDelegate.h; path = Melone/AppDelegate.h; sourceTree = "<group>"; };
		13B07FB01A68108700A75B9A /* AppDelegate.m */ = {isa = PBXFileReference; fileEncoding = 4; lastKnownFileType = sourcecode.c.objc; name = AppDelegate.m; path = Melone/AppDelegate.m; sourceTree = "<group>"; };
		13B07FB21A68108700A75B9A /* Base */ = {isa = PBXFileReference; lastKnownFileType = file.xib; name = Base; path = Base.lproj/LaunchScreen.xib; sourceTree = "<group>"; };
		13B07FB61A68108700A75B9A /* Info.plist */ = {isa = PBXFileReference; fileEncoding = 4; lastKnownFileType = text.plist.xml; name = Info.plist; path = Melone/Info.plist; sourceTree = "<group>"; };
		13B07FB71A68108700A75B9A /* main.m */ = {isa = PBXFileReference; fileEncoding = 4; lastKnownFileType = sourcecode.c.objc; name = main.m; path = Melone/main.m; sourceTree = "<group>"; };
		1A61378FABD99C88ADCC3FAC /* Pods-MeloneTests.debug.xcconfig */ = {isa = PBXFileReference; includeInIndex = 1; lastKnownFileType = text.xcconfig; name = "Pods-MeloneTests.debug.xcconfig"; path = "Target Support Files/Pods-MeloneTests/Pods-MeloneTests.debug.xcconfig"; sourceTree = "<group>"; };
		21012260F721CA49B551B7BD /* Pods-MeloneTests.release.xcconfig */ = {isa = PBXFileReference; includeInIndex = 1; lastKnownFileType = text.xcconfig; name = "Pods-MeloneTests.release.xcconfig"; path = "Target Support Files/Pods-MeloneTests/Pods-MeloneTests.release.xcconfig"; sourceTree = "<group>"; };
		2661E90B65B997002BB6E94C /* Pods-Melone.debug.xcconfig */ = {isa = PBXFileReference; includeInIndex = 1; lastKnownFileType = text.xcconfig; name = "Pods-Melone.debug.xcconfig"; path = "Target Support Files/Pods-Melone/Pods-Melone.debug.xcconfig"; sourceTree = "<group>"; };
		3181C77F2279F27099A533EE /* Pods-Melone-tvOS.release.xcconfig */ = {isa = PBXFileReference; includeInIndex = 1; lastKnownFileType = text.xcconfig; name = "Pods-Melone-tvOS.release.xcconfig"; path = "Target Support Files/Pods-Melone-tvOS/Pods-Melone-tvOS.release.xcconfig"; sourceTree = "<group>"; };
		49007313238D1FE8002559C8 /* es */ = {isa = PBXFileReference; lastKnownFileType = text.plist.strings; name = es; path = es.lproj/LaunchScreen.strings; sourceTree = "<group>"; };
		49007315238D2117002559C8 /* es */ = {isa = PBXFileReference; fileEncoding = 4; lastKnownFileType = text.plist.strings; name = es; path = es.lproj/InfoPlist.strings; sourceTree = "<group>"; };
		49007317238D378E002559C8 /* en */ = {isa = PBXFileReference; lastKnownFileType = text.plist.strings; name = en; path = en.lproj/InfoPlist.strings; sourceTree = "<group>"; };
		492E7755236212020037CF52 /* GoogleService-Info.plist */ = {isa = PBXFileReference; fileEncoding = 4; lastKnownFileType = text.plist.xml; path = "GoogleService-Info.plist"; sourceTree = "<group>"; };
		492E775823621ED60037CF52 /* Fontisto.ttf */ = {isa = PBXFileReference; lastKnownFileType = file; path = Fontisto.ttf; sourceTree = "<group>"; };
		492E775923621ED60037CF52 /* Octicons.ttf */ = {isa = PBXFileReference; lastKnownFileType = file; path = Octicons.ttf; sourceTree = "<group>"; };
		492E775A23621ED60037CF52 /* Feather.ttf */ = {isa = PBXFileReference; lastKnownFileType = file; path = Feather.ttf; sourceTree = "<group>"; };
		492E775B23621ED60037CF52 /* Entypo.ttf */ = {isa = PBXFileReference; lastKnownFileType = file; path = Entypo.ttf; sourceTree = "<group>"; };
		492E775C23621ED60037CF52 /* FontAwesome5_Brands.ttf */ = {isa = PBXFileReference; lastKnownFileType = file; path = FontAwesome5_Brands.ttf; sourceTree = "<group>"; };
		492E775D23621ED60037CF52 /* MaterialCommunityIcons.ttf */ = {isa = PBXFileReference; lastKnownFileType = file; path = MaterialCommunityIcons.ttf; sourceTree = "<group>"; };
		492E775E23621ED60037CF52 /* AntDesign.ttf */ = {isa = PBXFileReference; lastKnownFileType = file; path = AntDesign.ttf; sourceTree = "<group>"; };
		492E775F23621ED60037CF52 /* Foundation.ttf */ = {isa = PBXFileReference; lastKnownFileType = file; path = Foundation.ttf; sourceTree = "<group>"; };
		492E776023621ED60037CF52 /* Ionicons.ttf */ = {isa = PBXFileReference; lastKnownFileType = file; path = Ionicons.ttf; sourceTree = "<group>"; };
		492E776123621ED60037CF52 /* FontAwesome5_Solid.ttf */ = {isa = PBXFileReference; lastKnownFileType = file; path = FontAwesome5_Solid.ttf; sourceTree = "<group>"; };
		492E776223621ED60037CF52 /* FontAwesome5_Regular.ttf */ = {isa = PBXFileReference; lastKnownFileType = file; path = FontAwesome5_Regular.ttf; sourceTree = "<group>"; };
		492E776323621ED60037CF52 /* FontAwesome.ttf */ = {isa = PBXFileReference; lastKnownFileType = file; path = FontAwesome.ttf; sourceTree = "<group>"; };
		492E776423621ED60037CF52 /* Zocial.ttf */ = {isa = PBXFileReference; lastKnownFileType = file; path = Zocial.ttf; sourceTree = "<group>"; };
		492E776523621ED60037CF52 /* EvilIcons.ttf */ = {isa = PBXFileReference; lastKnownFileType = file; path = EvilIcons.ttf; sourceTree = "<group>"; };
		492E776623621ED60037CF52 /* SimpleLineIcons.ttf */ = {isa = PBXFileReference; lastKnownFileType = file; path = SimpleLineIcons.ttf; sourceTree = "<group>"; };
		492E776723621ED60037CF52 /* MaterialIcons.ttf */ = {isa = PBXFileReference; lastKnownFileType = file; path = MaterialIcons.ttf; sourceTree = "<group>"; };
		492E7779236223090037CF52 /* opensans-extra-bold-italic.ttf */ = {isa = PBXFileReference; lastKnownFileType = file; path = "opensans-extra-bold-italic.ttf"; sourceTree = "<group>"; };
		492E777A236223090037CF52 /* opensans-semibold.ttf */ = {isa = PBXFileReference; lastKnownFileType = file; path = "opensans-semibold.ttf"; sourceTree = "<group>"; };
		492E777B236223090037CF52 /* opensans-bold-italic.ttf */ = {isa = PBXFileReference; lastKnownFileType = file; path = "opensans-bold-italic.ttf"; sourceTree = "<group>"; };
		492E777C236223090037CF52 /* SpaceMono-Regular.ttf */ = {isa = PBXFileReference; lastKnownFileType = file; path = "SpaceMono-Regular.ttf"; sourceTree = "<group>"; };
		492E777D236223090037CF52 /* opensans-light.ttf */ = {isa = PBXFileReference; lastKnownFileType = file; path = "opensans-light.ttf"; sourceTree = "<group>"; };
		492E777E236223090037CF52 /* opensans-italic.ttf */ = {isa = PBXFileReference; lastKnownFileType = file; path = "opensans-italic.ttf"; sourceTree = "<group>"; };
		492E777F236223090037CF52 /* opensans-bold.ttf */ = {isa = PBXFileReference; lastKnownFileType = file; path = "opensans-bold.ttf"; sourceTree = "<group>"; };
		492E7780236223090037CF52 /* opensans-extra-bold.ttf */ = {isa = PBXFileReference; lastKnownFileType = file; path = "opensans-extra-bold.ttf"; sourceTree = "<group>"; };
		492E7781236223090037CF52 /* opensans-semibold-italic.ttf */ = {isa = PBXFileReference; lastKnownFileType = file; path = "opensans-semibold-italic.ttf"; sourceTree = "<group>"; };
		492E7782236223090037CF52 /* opensans-lignt-italic.ttf */ = {isa = PBXFileReference; lastKnownFileType = file; path = "opensans-lignt-italic.ttf"; sourceTree = "<group>"; };
		492E7783236223090037CF52 /* opensans-regular.ttf */ = {isa = PBXFileReference; lastKnownFileType = file; path = "opensans-regular.ttf"; sourceTree = "<group>"; };
		49688F3E237E9DFC0088F225 /* Melone.entitlements */ = {isa = PBXFileReference; lastKnownFileType = text.plist.entitlements; name = Melone.entitlements; path = Melone/Melone.entitlements; sourceTree = "<group>"; };
		49EC72322365D5040001B5C0 /* Images.xcassets */ = {isa = PBXFileReference; lastKnownFileType = folder.assetcatalog; name = Images.xcassets; path = Melone/Images.xcassets; sourceTree = "<group>"; };
		4D657CF7EA1386600D4588E5 /* Pods-Melone-tvOSTests.release.xcconfig */ = {isa = PBXFileReference; includeInIndex = 1; lastKnownFileType = text.xcconfig; name = "Pods-Melone-tvOSTests.release.xcconfig"; path = "Target Support Files/Pods-Melone-tvOSTests/Pods-Melone-tvOSTests.release.xcconfig"; sourceTree = "<group>"; };
		551AB43CA505030665CD3E51 /* libPods-Melone-tvOSTests.a */ = {isa = PBXFileReference; explicitFileType = archive.ar; includeInIndex = 0; path = "libPods-Melone-tvOSTests.a"; sourceTree = BUILT_PRODUCTS_DIR; };
		61B42AC67361787FE5CFBF26 /* libPods-MeloneTests.a */ = {isa = PBXFileReference; explicitFileType = archive.ar; includeInIndex = 0; path = "libPods-MeloneTests.a"; sourceTree = BUILT_PRODUCTS_DIR; };
		82B533D5EAC1DADD717983D3 /* Pods-Melone.release.xcconfig */ = {isa = PBXFileReference; includeInIndex = 1; lastKnownFileType = text.xcconfig; name = "Pods-Melone.release.xcconfig"; path = "Target Support Files/Pods-Melone/Pods-Melone.release.xcconfig"; sourceTree = "<group>"; };
		9DF160E31D6E68AE99448A36 /* Pods-Melone-tvOS.debug.xcconfig */ = {isa = PBXFileReference; includeInIndex = 1; lastKnownFileType = text.xcconfig; name = "Pods-Melone-tvOS.debug.xcconfig"; path = "Target Support Files/Pods-Melone-tvOS/Pods-Melone-tvOS.debug.xcconfig"; sourceTree = "<group>"; };
		ED297162215061F000B7C4FE /* JavaScriptCore.framework */ = {isa = PBXFileReference; lastKnownFileType = wrapper.framework; name = JavaScriptCore.framework; path = System/Library/Frameworks/JavaScriptCore.framework; sourceTree = SDKROOT; };
		ED2971642150620600B7C4FE /* JavaScriptCore.framework */ = {isa = PBXFileReference; lastKnownFileType = wrapper.framework; name = JavaScriptCore.framework; path = Platforms/AppleTVOS.platform/Developer/SDKs/AppleTVOS12.0.sdk/System/Library/Frameworks/JavaScriptCore.framework; sourceTree = DEVELOPER_DIR; };
		F3345C1132A34674AB39528D /* libPods-Melone.a */ = {isa = PBXFileReference; explicitFileType = archive.ar; includeInIndex = 0; path = "libPods-Melone.a"; sourceTree = BUILT_PRODUCTS_DIR; };
/* End PBXFileReference section */

/* Begin PBXFrameworksBuildPhase section */
		13B07F8C1A680F5B00A75B9A /* Frameworks */ = {
			isa = PBXFrameworksBuildPhase;
			buildActionMask = 2147483647;
			files = (
				CF4600D7D65731894697F693 /* libPods-Melone.a in Frameworks */,
			);
			runOnlyForDeploymentPostprocessing = 0;
		};
/* End PBXFrameworksBuildPhase section */

/* Begin PBXGroup section */
		13B07FAE1A68108700A75B9A /* Melone */ = {
			isa = PBXGroup;
			children = (
				49688F3E237E9DFC0088F225 /* Melone.entitlements */,
				008F07F21AC5B25A0029DE68 /* main.jsbundle */,
				13B07FAF1A68108700A75B9A /* AppDelegate.h */,
				13B07FB01A68108700A75B9A /* AppDelegate.m */,
				13B07FB61A68108700A75B9A /* Info.plist */,
				49007316238D2117002559C8 /* InfoPlist.strings */,
				13B07FB11A68108700A75B9A /* LaunchScreen.xib */,
				13B07FB71A68108700A75B9A /* main.m */,
				49EC72322365D5040001B5C0 /* Images.xcassets */,
			);
			name = Melone;
			sourceTree = "<group>";
		};
		2D16E6871FA4F8E400B85C8A /* Frameworks */ = {
			isa = PBXGroup;
			children = (
				ED297162215061F000B7C4FE /* JavaScriptCore.framework */,
				ED2971642150620600B7C4FE /* JavaScriptCore.framework */,
				F3345C1132A34674AB39528D /* libPods-Melone.a */,
				0BA51F0DBC002C99616E6CE1 /* libPods-Melone-tvOS.a */,
				551AB43CA505030665CD3E51 /* libPods-Melone-tvOSTests.a */,
				61B42AC67361787FE5CFBF26 /* libPods-MeloneTests.a */,
			);
			name = Frameworks;
			sourceTree = "<group>";
		};
		492E775723621ED60037CF52 /* Fonts */ = {
			isa = PBXGroup;
			children = (
				492E775823621ED60037CF52 /* Fontisto.ttf */,
				492E775923621ED60037CF52 /* Octicons.ttf */,
				492E775A23621ED60037CF52 /* Feather.ttf */,
				492E775B23621ED60037CF52 /* Entypo.ttf */,
				492E775C23621ED60037CF52 /* FontAwesome5_Brands.ttf */,
				492E775D23621ED60037CF52 /* MaterialCommunityIcons.ttf */,
				492E775E23621ED60037CF52 /* AntDesign.ttf */,
				492E775F23621ED60037CF52 /* Foundation.ttf */,
				492E776023621ED60037CF52 /* Ionicons.ttf */,
				492E776123621ED60037CF52 /* FontAwesome5_Solid.ttf */,
				492E776223621ED60037CF52 /* FontAwesome5_Regular.ttf */,
				492E776323621ED60037CF52 /* FontAwesome.ttf */,
				492E776423621ED60037CF52 /* Zocial.ttf */,
				492E776523621ED60037CF52 /* EvilIcons.ttf */,
				492E776623621ED60037CF52 /* SimpleLineIcons.ttf */,
				492E776723621ED60037CF52 /* MaterialIcons.ttf */,
			);
			name = Fonts;
			path = "../node_modules/react-native-vector-icons/Fonts";
			sourceTree = "<group>";
		};
		492E7778236223090037CF52 /* fonts */ = {
			isa = PBXGroup;
			children = (
				492E7779236223090037CF52 /* opensans-extra-bold-italic.ttf */,
				492E777A236223090037CF52 /* opensans-semibold.ttf */,
				492E777B236223090037CF52 /* opensans-bold-italic.ttf */,
				492E777C236223090037CF52 /* SpaceMono-Regular.ttf */,
				492E777D236223090037CF52 /* opensans-light.ttf */,
				492E777E236223090037CF52 /* opensans-italic.ttf */,
				492E777F236223090037CF52 /* opensans-bold.ttf */,
				492E7780236223090037CF52 /* opensans-extra-bold.ttf */,
				492E7781236223090037CF52 /* opensans-semibold-italic.ttf */,
				492E7782236223090037CF52 /* opensans-lignt-italic.ttf */,
				492E7783236223090037CF52 /* opensans-regular.ttf */,
			);
			name = fonts;
			path = ../assets/fonts;
			sourceTree = "<group>";
		};
		6DDA74310228CD3246DECB18 /* Pods */ = {
			isa = PBXGroup;
			children = (
				2661E90B65B997002BB6E94C /* Pods-Melone.debug.xcconfig */,
				82B533D5EAC1DADD717983D3 /* Pods-Melone.release.xcconfig */,
				9DF160E31D6E68AE99448A36 /* Pods-Melone-tvOS.debug.xcconfig */,
				3181C77F2279F27099A533EE /* Pods-Melone-tvOS.release.xcconfig */,
				0725E5FE5E47B6BAC348825E /* Pods-Melone-tvOSTests.debug.xcconfig */,
				4D657CF7EA1386600D4588E5 /* Pods-Melone-tvOSTests.release.xcconfig */,
				1A61378FABD99C88ADCC3FAC /* Pods-MeloneTests.debug.xcconfig */,
				21012260F721CA49B551B7BD /* Pods-MeloneTests.release.xcconfig */,
			);
			path = Pods;
			sourceTree = "<group>";
		};
		832341AE1AAA6A7D00B99B32 /* Libraries */ = {
			isa = PBXGroup;
			children = (
			);
			name = Libraries;
			sourceTree = "<group>";
		};
		83CBB9F61A601CBA00E9B192 = {
			isa = PBXGroup;
			children = (
				492E775723621ED60037CF52 /* Fonts */,
				492E7778236223090037CF52 /* fonts */,
				492E7755236212020037CF52 /* GoogleService-Info.plist */,
				13B07FAE1A68108700A75B9A /* Melone */,
				832341AE1AAA6A7D00B99B32 /* Libraries */,
				83CBBA001A601CBA00E9B192 /* Products */,
				2D16E6871FA4F8E400B85C8A /* Frameworks */,
				6DDA74310228CD3246DECB18 /* Pods */,
			);
			indentWidth = 2;
			sourceTree = "<group>";
			tabWidth = 2;
			usesTabs = 0;
		};
		83CBBA001A601CBA00E9B192 /* Products */ = {
			isa = PBXGroup;
			children = (
				13B07F961A680F5B00A75B9A /* Melone.app */,
			);
			name = Products;
			sourceTree = "<group>";
		};
/* End PBXGroup section */

/* Begin PBXNativeTarget section */
		13B07F861A680F5B00A75B9A /* Melone */ = {
			isa = PBXNativeTarget;
			buildConfigurationList = 13B07F931A680F5B00A75B9A /* Build configuration list for PBXNativeTarget "Melone" */;
			buildPhases = (
				6B5EC32E3F4E37DF13CA6DA1 /* [CP] Check Pods Manifest.lock */,
				FD10A7F022414F080027D42C /* Start Packager */,
				13B07F871A680F5B00A75B9A /* Sources */,
				13B07F8C1A680F5B00A75B9A /* Frameworks */,
				13B07F8E1A680F5B00A75B9A /* Resources */,
				00DD1BFF1BD5951E006B06BC /* Bundle React Native code and images */,
				37C69F0CDC92E295231BFF4D /* [CP] Embed Pods Frameworks */,
				19798447D1AE9BB6E984FB79 /* [CP] Copy Pods Resources */,
				D64EFC3CE9FDA0E3E4F7946A /* [CP-User] [RNFB] Core Configuration */,
			);
			buildRules = (
			);
			dependencies = (
			);
			name = Melone;
			productName = Melone;
			productReference = 13B07F961A680F5B00A75B9A /* Melone.app */;
			productType = "com.apple.product-type.application";
		};
/* End PBXNativeTarget section */

/* Begin PBXProject section */
		83CBB9F71A601CBA00E9B192 /* Project object */ = {
			isa = PBXProject;
			attributes = {
				LastUpgradeCheck = 0940;
				ORGANIZATIONNAME = Facebook;
				TargetAttributes = {
					13B07F861A680F5B00A75B9A = {
						DevelopmentTeam = NL2AGQFPPY;
					};
				};
			};
			buildConfigurationList = 83CBB9FA1A601CBA00E9B192 /* Build configuration list for PBXProject "melone" */;
			compatibilityVersion = "Xcode 3.2";
			developmentRegion = English;
			hasScannedForEncodings = 0;
			knownRegions = (
				English,
				en,
				Base,
				es,
			);
			mainGroup = 83CBB9F61A601CBA00E9B192;
			productRefGroup = 83CBBA001A601CBA00E9B192 /* Products */;
			projectDirPath = "";
			projectRoot = "";
			targets = (
				13B07F861A680F5B00A75B9A /* Melone */,
			);
		};
/* End PBXProject section */

/* Begin PBXResourcesBuildPhase section */
		13B07F8E1A680F5B00A75B9A /* Resources */ = {
			isa = PBXResourcesBuildPhase;
			buildActionMask = 2147483647;
			files = (
				492E777223621ED60037CF52 /* FontAwesome5_Regular.ttf in Resources */,
				49007314238D2117002559C8 /* InfoPlist.strings in Resources */,
				492E778D236223090037CF52 /* opensans-lignt-italic.ttf in Resources */,
				492E776923621ED60037CF52 /* Octicons.ttf in Resources */,
				492E776C23621ED60037CF52 /* FontAwesome5_Brands.ttf in Resources */,
				492E777023621ED60037CF52 /* Ionicons.ttf in Resources */,
				49EC72332365D5040001B5C0 /* Images.xcassets in Resources */,
				492E777723621ED60037CF52 /* MaterialIcons.ttf in Resources */,
				492E7785236223090037CF52 /* opensans-semibold.ttf in Resources */,
				492E777123621ED60037CF52 /* FontAwesome5_Solid.ttf in Resources */,
				492E777623621ED60037CF52 /* SimpleLineIcons.ttf in Resources */,
				492E7787236223090037CF52 /* SpaceMono-Regular.ttf in Resources */,
				492E778E236223090037CF52 /* opensans-regular.ttf in Resources */,
				492E7789236223090037CF52 /* opensans-italic.ttf in Resources */,
				492E776B23621ED60037CF52 /* Entypo.ttf in Resources */,
				492E778B236223090037CF52 /* opensans-extra-bold.ttf in Resources */,
				492E776E23621ED60037CF52 /* AntDesign.ttf in Resources */,
				492E777423621ED60037CF52 /* Zocial.ttf in Resources */,
				492E778A236223090037CF52 /* opensans-bold.ttf in Resources */,
				492E776F23621ED60037CF52 /* Foundation.ttf in Resources */,
				492E776A23621ED60037CF52 /* Feather.ttf in Resources */,
				492E7786236223090037CF52 /* opensans-bold-italic.ttf in Resources */,
				492E777523621ED60037CF52 /* EvilIcons.ttf in Resources */,
				13B07FBD1A68108700A75B9A /* LaunchScreen.xib in Resources */,
				492E7788236223090037CF52 /* opensans-light.ttf in Resources */,
				492E778C236223090037CF52 /* opensans-semibold-italic.ttf in Resources */,
				492E7784236223090037CF52 /* opensans-extra-bold-italic.ttf in Resources */,
				492E777323621ED60037CF52 /* FontAwesome.ttf in Resources */,
				492E776823621ED60037CF52 /* Fontisto.ttf in Resources */,
				492E776D23621ED60037CF52 /* MaterialCommunityIcons.ttf in Resources */,
				492E7756236212020037CF52 /* GoogleService-Info.plist in Resources */,
			);
			runOnlyForDeploymentPostprocessing = 0;
		};
/* End PBXResourcesBuildPhase section */

/* Begin PBXShellScriptBuildPhase section */
		00DD1BFF1BD5951E006B06BC /* Bundle React Native code and images */ = {
			isa = PBXShellScriptBuildPhase;
			buildActionMask = 2147483647;
			files = (
			);
			inputPaths = (
			);
			name = "Bundle React Native code and images";
			outputPaths = (
			);
			runOnlyForDeploymentPostprocessing = 0;
			shellPath = /bin/sh;
			shellScript = "export NODE_BINARY=node\n../node_modules/react-native/scripts/react-native-xcode.sh\nif [ \"${CONFIGURATION}\" == \"Debug\" ]; then\n export SKIP_BUNDLING=true\nfi\n";
		};
		19798447D1AE9BB6E984FB79 /* [CP] Copy Pods Resources */ = {
			isa = PBXShellScriptBuildPhase;
			buildActionMask = 2147483647;
			files = (
			);
			inputPaths = (
				"${PODS_ROOT}/Target Support Files/Pods-Melone/Pods-Melone-resources.sh",
				"${PODS_ROOT}/FBSDKCoreKit/FacebookSDKStrings.bundle",
				"${PODS_ROOT}/GoogleSignIn/Resources/GoogleSignIn.bundle",
				"${PODS_ROOT}/../../node_modules/react-native-vector-icons/Fonts/AntDesign.ttf",
				"${PODS_ROOT}/../../node_modules/react-native-vector-icons/Fonts/Entypo.ttf",
				"${PODS_ROOT}/../../node_modules/react-native-vector-icons/Fonts/EvilIcons.ttf",
				"${PODS_ROOT}/../../node_modules/react-native-vector-icons/Fonts/Feather.ttf",
				"${PODS_ROOT}/../../node_modules/react-native-vector-icons/Fonts/FontAwesome.ttf",
				"${PODS_ROOT}/../../node_modules/react-native-vector-icons/Fonts/FontAwesome5_Brands.ttf",
				"${PODS_ROOT}/../../node_modules/react-native-vector-icons/Fonts/FontAwesome5_Regular.ttf",
				"${PODS_ROOT}/../../node_modules/react-native-vector-icons/Fonts/FontAwesome5_Solid.ttf",
				"${PODS_ROOT}/../../node_modules/react-native-vector-icons/Fonts/Fontisto.ttf",
				"${PODS_ROOT}/../../node_modules/react-native-vector-icons/Fonts/Foundation.ttf",
				"${PODS_ROOT}/../../node_modules/react-native-vector-icons/Fonts/Ionicons.ttf",
				"${PODS_ROOT}/../../node_modules/react-native-vector-icons/Fonts/MaterialCommunityIcons.ttf",
				"${PODS_ROOT}/../../node_modules/react-native-vector-icons/Fonts/MaterialIcons.ttf",
				"${PODS_ROOT}/../../node_modules/react-native-vector-icons/Fonts/Octicons.ttf",
				"${PODS_ROOT}/../../node_modules/react-native-vector-icons/Fonts/SimpleLineIcons.ttf",
				"${PODS_ROOT}/../../node_modules/react-native-vector-icons/Fonts/Zocial.ttf",
				"${PODS_ROOT}/TwitterKit/iOS/TwitterKit.framework/TwitterKitResources.bundle",
				"${PODS_CONFIGURATION_BUILD_DIR}/gRPC-C++/gRPCCertificates-Cpp.bundle",
			);
			name = "[CP] Copy Pods Resources";
			outputPaths = (
				"${TARGET_BUILD_DIR}/${UNLOCALIZED_RESOURCES_FOLDER_PATH}/FacebookSDKStrings.bundle",
				"${TARGET_BUILD_DIR}/${UNLOCALIZED_RESOURCES_FOLDER_PATH}/GoogleSignIn.bundle",
				"${TARGET_BUILD_DIR}/${UNLOCALIZED_RESOURCES_FOLDER_PATH}/AntDesign.ttf",
				"${TARGET_BUILD_DIR}/${UNLOCALIZED_RESOURCES_FOLDER_PATH}/Entypo.ttf",
				"${TARGET_BUILD_DIR}/${UNLOCALIZED_RESOURCES_FOLDER_PATH}/EvilIcons.ttf",
				"${TARGET_BUILD_DIR}/${UNLOCALIZED_RESOURCES_FOLDER_PATH}/Feather.ttf",
				"${TARGET_BUILD_DIR}/${UNLOCALIZED_RESOURCES_FOLDER_PATH}/FontAwesome.ttf",
				"${TARGET_BUILD_DIR}/${UNLOCALIZED_RESOURCES_FOLDER_PATH}/FontAwesome5_Brands.ttf",
				"${TARGET_BUILD_DIR}/${UNLOCALIZED_RESOURCES_FOLDER_PATH}/FontAwesome5_Regular.ttf",
				"${TARGET_BUILD_DIR}/${UNLOCALIZED_RESOURCES_FOLDER_PATH}/FontAwesome5_Solid.ttf",
				"${TARGET_BUILD_DIR}/${UNLOCALIZED_RESOURCES_FOLDER_PATH}/Fontisto.ttf",
				"${TARGET_BUILD_DIR}/${UNLOCALIZED_RESOURCES_FOLDER_PATH}/Foundation.ttf",
				"${TARGET_BUILD_DIR}/${UNLOCALIZED_RESOURCES_FOLDER_PATH}/Ionicons.ttf",
				"${TARGET_BUILD_DIR}/${UNLOCALIZED_RESOURCES_FOLDER_PATH}/MaterialCommunityIcons.ttf",
				"${TARGET_BUILD_DIR}/${UNLOCALIZED_RESOURCES_FOLDER_PATH}/MaterialIcons.ttf",
				"${TARGET_BUILD_DIR}/${UNLOCALIZED_RESOURCES_FOLDER_PATH}/Octicons.ttf",
				"${TARGET_BUILD_DIR}/${UNLOCALIZED_RESOURCES_FOLDER_PATH}/SimpleLineIcons.ttf",
				"${TARGET_BUILD_DIR}/${UNLOCALIZED_RESOURCES_FOLDER_PATH}/Zocial.ttf",
				"${TARGET_BUILD_DIR}/${UNLOCALIZED_RESOURCES_FOLDER_PATH}/TwitterKitResources.bundle",
				"${TARGET_BUILD_DIR}/${UNLOCALIZED_RESOURCES_FOLDER_PATH}/gRPCCertificates-Cpp.bundle",
			);
			runOnlyForDeploymentPostprocessing = 0;
			shellPath = /bin/sh;
			shellScript = "\"${PODS_ROOT}/Target Support Files/Pods-Melone/Pods-Melone-resources.sh\"\n";
			showEnvVarsInLog = 0;
		};
		37C69F0CDC92E295231BFF4D /* [CP] Embed Pods Frameworks */ = {
			isa = PBXShellScriptBuildPhase;
			buildActionMask = 2147483647;
			files = (
			);
			inputPaths = (
				"${PODS_ROOT}/Target Support Files/Pods-Melone/Pods-Melone-frameworks.sh",
				"${PODS_ROOT}/TwitterCore/iOS/TwitterCore.framework",
				"${PODS_ROOT}/TwitterKit/iOS/TwitterKit.framework",
			);
			name = "[CP] Embed Pods Frameworks";
			outputPaths = (
				"${TARGET_BUILD_DIR}/${FRAMEWORKS_FOLDER_PATH}/TwitterCore.framework",
				"${TARGET_BUILD_DIR}/${FRAMEWORKS_FOLDER_PATH}/TwitterKit.framework",
			);
			runOnlyForDeploymentPostprocessing = 0;
			shellPath = /bin/sh;
			shellScript = "\"${PODS_ROOT}/Target Support Files/Pods-Melone/Pods-Melone-frameworks.sh\"\n";
			showEnvVarsInLog = 0;
		};
		6B5EC32E3F4E37DF13CA6DA1 /* [CP] Check Pods Manifest.lock */ = {
			isa = PBXShellScriptBuildPhase;
			buildActionMask = 2147483647;
			files = (
			);
			inputFileListPaths = (
			);
			inputPaths = (
				"${PODS_PODFILE_DIR_PATH}/Podfile.lock",
				"${PODS_ROOT}/Manifest.lock",
			);
			name = "[CP] Check Pods Manifest.lock";
			outputFileListPaths = (
			);
			outputPaths = (
				"$(DERIVED_FILE_DIR)/Pods-Melone-checkManifestLockResult.txt",
			);
			runOnlyForDeploymentPostprocessing = 0;
			shellPath = /bin/sh;
			shellScript = "diff \"${PODS_PODFILE_DIR_PATH}/Podfile.lock\" \"${PODS_ROOT}/Manifest.lock\" > /dev/null\nif [ $? != 0 ] ; then\n    # print error to STDERR\n    echo \"error: The sandbox is not in sync with the Podfile.lock. Run 'pod install' or update your CocoaPods installation.\" >&2\n    exit 1\nfi\n# This output is used by Xcode 'outputs' to avoid re-running this script phase.\necho \"SUCCESS\" > \"${SCRIPT_OUTPUT_FILE_0}\"\n";
			showEnvVarsInLog = 0;
		};
		D64EFC3CE9FDA0E3E4F7946A /* [CP-User] [RNFB] Core Configuration */ = {
			isa = PBXShellScriptBuildPhase;
			buildActionMask = 2147483647;
			files = (
			);
			name = "[CP-User] [RNFB] Core Configuration";
			runOnlyForDeploymentPostprocessing = 0;
			shellPath = /bin/sh;
			shellScript = "#!/usr/bin/env bash\n#\n# Copyright (c) 2016-present Invertase Limited & Contributors\n#\n# Licensed under the Apache License, Version 2.0 (the \"License\");\n# you may not use this library except in compliance with the License.\n# You may obtain a copy of the License at\n#\n#   http://www.apache.org/licenses/LICENSE-2.0\n#\n# Unless required by applicable law or agreed to in writing, software\n# distributed under the License is distributed on an \"AS IS\" BASIS,\n# WITHOUT WARRANTIES OR CONDITIONS OF ANY KIND, either express or implied.\n# See the License for the specific language governing permissions and\n# limitations under the License.\n#\nset -e\n\n_MAX_LOOKUPS=2;\n_SEARCH_RESULT=''\n_RN_ROOT_EXISTS=''\n_CURRENT_LOOKUPS=1\n_JSON_ROOT=\"'react-native'\"\n_JSON_FILE_NAME='firebase.json'\n_JSON_OUTPUT_BASE64='e30=' # { }\n_CURRENT_SEARCH_DIR=${PROJECT_DIR}\n_PLIST_BUDDY=/usr/libexec/PlistBuddy\n_TARGET_PLIST=\"${BUILT_PRODUCTS_DIR}/${INFOPLIST_PATH}\"\n_DSYM_PLIST=\"${DWARF_DSYM_FOLDER_PATH}/${DWARF_DSYM_FILE_NAME}/Contents/Info.plist\"\n\n# plist arrays\n_PLIST_ENTRY_KEYS=()\n_PLIST_ENTRY_TYPES=()\n_PLIST_ENTRY_VALUES=()\n\nfunction setPlistValue {\n  echo \"info:      setting plist entry '$1' of type '$2' in file '$4'\"\n  ${_PLIST_BUDDY} -c \"Add :$1 $2 '$3'\" $4 || echo \"info:      '$1' already exists\"\n}\n\nfunction getFirebaseJsonKeyValue () {\n  if [[ ${_RN_ROOT_EXISTS} ]]; then\n    ruby -e \"require 'rubygems';require 'json'; output=JSON.parse('$1'); puts output[$_JSON_ROOT]['$2']\"\n  else\n    echo \"\"\n  fi;\n}\n\nfunction jsonBoolToYesNo () {\n  if [[ $1 == \"false\" ]]; then\n    echo \"NO\"\n  elif [[ $1 == \"true\" ]]; then\n    echo \"YES\"\n  else echo \"NO\"\n  fi\n}\n\necho \"info: -> RNFB build script started\"\necho \"info: 1) Locating ${_JSON_FILE_NAME} file:\"\n\nif [[ -z ${_CURRENT_SEARCH_DIR} ]]; then\n  _CURRENT_SEARCH_DIR=$(pwd)\nfi;\n\nwhile true; do\n  _CURRENT_SEARCH_DIR=$(dirname \"$_CURRENT_SEARCH_DIR\")\n  if [[ \"$_CURRENT_SEARCH_DIR\" == \"/\" ]] || [[ ${_CURRENT_LOOKUPS} -gt ${_MAX_LOOKUPS} ]]; then break; fi;\n  echo \"info:      ($_CURRENT_LOOKUPS of $_MAX_LOOKUPS) Searching in '$_CURRENT_SEARCH_DIR' for a ${_JSON_FILE_NAME} file.\"\n  _SEARCH_RESULT=$(find \"$_CURRENT_SEARCH_DIR\" -maxdepth 2 -name ${_JSON_FILE_NAME} -print | head -n 1)\n  if [[ ${_SEARCH_RESULT} ]]; then\n    echo \"info:      ${_JSON_FILE_NAME} found at $_SEARCH_RESULT\"\n    break;\n  fi;\n  _CURRENT_LOOKUPS=$((_CURRENT_LOOKUPS+1))\ndone\n\nif [[ ${_SEARCH_RESULT} ]]; then\n  _JSON_OUTPUT_RAW=$(cat \"${_SEARCH_RESULT}\")\n  _RN_ROOT_EXISTS=$(ruby -e \"require 'rubygems';require 'json'; output=JSON.parse('$_JSON_OUTPUT_RAW'); puts output[$_JSON_ROOT]\" || echo '')\n\n  if [[ ${_RN_ROOT_EXISTS} ]]; then\n    _JSON_OUTPUT_BASE64=$(python -c 'import json,sys,base64;print(base64.b64encode(json.dumps(json.loads(open('\"'${_SEARCH_RESULT}'\"').read())['${_JSON_ROOT}'])))' || echo \"e30=\")\n  fi\n\n  _PLIST_ENTRY_KEYS+=(\"firebase_json_raw\")\n  _PLIST_ENTRY_TYPES+=(\"string\")\n  _PLIST_ENTRY_VALUES+=(\"$_JSON_OUTPUT_BASE64\")\n\n  # config.messaging_auto_init_enabled\n  _MESSAGING_AUTO_INIT=$(getFirebaseJsonKeyValue \"$_JSON_OUTPUT_RAW\" \"messaging_auto_init_enabled\")\n  if [[ $_MESSAGING_AUTO_INIT ]]; then\n    _PLIST_ENTRY_KEYS+=(\"FirebaseMessagingAutoInitEnabled\")\n    _PLIST_ENTRY_TYPES+=(\"bool\")\n    _PLIST_ENTRY_VALUES+=(\"$(jsonBoolToYesNo \"$_MESSAGING_AUTO_INIT\")\")\n  fi\n\n  # config.crashlytics_disable_auto_disabler - undocumented for now - mainly for debugging, document if becomes usful\n  _CRASHLYTICS_AUTO_DISABLE_ENABLED=$(getFirebaseJsonKeyValue \"$_JSON_OUTPUT_RAW\" \"crashlytics_disable_auto_disabler\")\n  if [[ $_CRASHLYTICS_AUTO_DISABLE_ENABLED == \"true\" ]]; then\n    echo \"Disabled Crashlytics auto disabler.\" # do nothing\n  else\n    _PLIST_ENTRY_KEYS+=(\"firebase_crashlytics_collection_enabled\")\n    _PLIST_ENTRY_TYPES+=(\"bool\")\n    _PLIST_ENTRY_VALUES+=(\"NO\")\n  fi\n\n  # config.admob_delay_app_measurement_init\n  _ADMOB_DELAY_APP_MEASUREMENT=$(getFirebaseJsonKeyValue \"$_JSON_OUTPUT_RAW\" \"admob_delay_app_measurement_init\")\n  if [[ $_ADMOB_DELAY_APP_MEASUREMENT == \"true\" ]]; then\n    _PLIST_ENTRY_KEYS+=(\"GADDelayAppMeasurementInit\")\n    _PLIST_ENTRY_TYPES+=(\"bool\")\n    _PLIST_ENTRY_VALUES+=(\"YES\")\n  fi\n\n  # config.admob_ios_app_id\n  _ADMOB_IOS_APP_ID=$(getFirebaseJsonKeyValue \"$_JSON_OUTPUT_RAW\" \"admob_ios_app_id\")\n  if [[ $_ADMOB_IOS_APP_ID ]]; then\n    _PLIST_ENTRY_KEYS+=(\"GADApplicationIdentifier\")\n    _PLIST_ENTRY_TYPES+=(\"string\")\n    _PLIST_ENTRY_VALUES+=(\"$_ADMOB_IOS_APP_ID\")\n  fi\nelse\n  _PLIST_ENTRY_KEYS+=(\"firebase_json_raw\")\n  _PLIST_ENTRY_TYPES+=(\"string\")\n  _PLIST_ENTRY_VALUES+=(\"$_JSON_OUTPUT_BASE64\")\n  echo \"warning:   A firebase.json file was not found, whilst this file is optional it is recommended to include it to configure firebase services in React Native Firebase.\"\nfi;\n\necho \"info: 2) Injecting Info.plist entries: \"\n\n# Log out the keys we're adding\nfor i in \"${!_PLIST_ENTRY_KEYS[@]}\"; do\n  echo \"    ->  $i) ${_PLIST_ENTRY_KEYS[$i]}\" \"${_PLIST_ENTRY_TYPES[$i]}\" \"${_PLIST_ENTRY_VALUES[$i]}\"\ndone\n\nfor plist in ${_TARGET_PLIST} ${_DSYM_PLIST} ; do\n  if [[ -f ${plist} ]]; then\n    for i in \"${!_PLIST_ENTRY_KEYS[@]}\"; do\n      setPlistValue \"${_PLIST_ENTRY_KEYS[$i]}\" \"${_PLIST_ENTRY_TYPES[$i]}\" \"${_PLIST_ENTRY_VALUES[$i]}\" \"${plist}\"\n    done\n  else\n    echo \"warning:   A Info.plist build output file was not found (${plist})\"\n  fi\ndone\n\necho \"info: <- RNFB build script finished\"\n\n\n\n";
		};
		FD10A7F022414F080027D42C /* Start Packager */ = {
			isa = PBXShellScriptBuildPhase;
			buildActionMask = 2147483647;
			files = (
			);
			inputFileListPaths = (
			);
			inputPaths = (
			);
			name = "Start Packager";
			outputFileListPaths = (
			);
			outputPaths = (
			);
			runOnlyForDeploymentPostprocessing = 0;
			shellPath = /bin/sh;
			shellScript = "export RCT_METRO_PORT=\"${RCT_METRO_PORT:=8081}\"\necho \"export RCT_METRO_PORT=${RCT_METRO_PORT}\" > \"${SRCROOT}/../node_modules/react-native/scripts/.packager.env\"\nif [ -z \"${RCT_NO_LAUNCH_PACKAGER+xxx}\" ] ; then\n  if nc -w 5 -z localhost ${RCT_METRO_PORT} ; then\n    if ! curl -s \"http://localhost:${RCT_METRO_PORT}/status\" | grep -q \"packager-status:running\" ; then\n      echo \"Port ${RCT_METRO_PORT} already in use, packager is either not running or not running correctly\"\n      exit 2\n    fi\n  else\n    open \"$SRCROOT/../node_modules/react-native/scripts/launchPackager.command\" || echo \"Can't start packager automatically\"\n  fi\nfi\n";
			showEnvVarsInLog = 0;
		};
/* End PBXShellScriptBuildPhase section */

/* Begin PBXSourcesBuildPhase section */
		13B07F871A680F5B00A75B9A /* Sources */ = {
			isa = PBXSourcesBuildPhase;
			buildActionMask = 2147483647;
			files = (
				13B07FBC1A68108700A75B9A /* AppDelegate.m in Sources */,
				13B07FC11A68108700A75B9A /* main.m in Sources */,
			);
			runOnlyForDeploymentPostprocessing = 0;
		};
/* End PBXSourcesBuildPhase section */

/* Begin PBXVariantGroup section */
		13B07FB11A68108700A75B9A /* LaunchScreen.xib */ = {
			isa = PBXVariantGroup;
			children = (
				13B07FB21A68108700A75B9A /* Base */,
				49007313238D1FE8002559C8 /* es */,
			);
			name = LaunchScreen.xib;
			path = Melone;
			sourceTree = "<group>";
		};
		49007316238D2117002559C8 /* InfoPlist.strings */ = {
			isa = PBXVariantGroup;
			children = (
				49007315238D2117002559C8 /* es */,
				49007317238D378E002559C8 /* en */,
			);
			name = InfoPlist.strings;
			sourceTree = "<group>";
		};
/* End PBXVariantGroup section */

/* Begin XCBuildConfiguration section */
		13B07F941A680F5B00A75B9A /* Debug */ = {
			isa = XCBuildConfiguration;
			baseConfigurationReference = 2661E90B65B997002BB6E94C /* Pods-Melone.debug.xcconfig */;
			buildSettings = {
				ASSETCATALOG_COMPILER_APPICON_NAME = AppIcon;
				CODE_SIGN_ENTITLEMENTS = Melone/Melone.entitlements;
				CURRENT_PROJECT_VERSION = 4;
				DEAD_CODE_STRIPPING = NO;
				DEVELOPMENT_TEAM = NL2AGQFPPY;
				INFOPLIST_FILE = Melone/Info.plist;
				IPHONEOS_DEPLOYMENT_TARGET = 10.1;
				LD_RUNPATH_SEARCH_PATHS = "$(inherited) @executable_path/Frameworks";
				MARKETING_VERSION = 1.0.4;
				OTHER_LDFLAGS = (
					"$(inherited)",
					"-ObjC",
					"-lc++",
				);
				PRODUCT_BUNDLE_IDENTIFIER = com.melone.melone;
				PRODUCT_NAME = Melone;
				VERSIONING_SYSTEM = "apple-generic";
			};
			name = Debug;
		};
		13B07F951A680F5B00A75B9A /* Release */ = {
			isa = XCBuildConfiguration;
			baseConfigurationReference = 82B533D5EAC1DADD717983D3 /* Pods-Melone.release.xcconfig */;
			buildSettings = {
				ASSETCATALOG_COMPILER_APPICON_NAME = AppIcon;
				CODE_SIGN_ENTITLEMENTS = Melone/Melone.entitlements;
				CURRENT_PROJECT_VERSION = 4;
				DEVELOPMENT_TEAM = NL2AGQFPPY;
				INFOPLIST_FILE = Melone/Info.plist;
				IPHONEOS_DEPLOYMENT_TARGET = 10.1;
				LD_RUNPATH_SEARCH_PATHS = "$(inherited) @executable_path/Frameworks";
				MARKETING_VERSION = 1.0.4;
				OTHER_LDFLAGS = (
					"$(inherited)",
					"-ObjC",
					"-lc++",
				);
				PRODUCT_BUNDLE_IDENTIFIER = com.melone.melone;
				PRODUCT_NAME = Melone;
				VERSIONING_SYSTEM = "apple-generic";
			};
			name = Release;
		};
		83CBBA201A601CBA00E9B192 /* Debug */ = {
			isa = XCBuildConfiguration;
			buildSettings = {
				ALWAYS_SEARCH_USER_PATHS = NO;
				CLANG_CXX_LANGUAGE_STANDARD = "gnu++0x";
				CLANG_CXX_LIBRARY = "libc++";
				CLANG_ENABLE_MODULES = YES;
				CLANG_ENABLE_OBJC_ARC = YES;
				CLANG_WARN_BLOCK_CAPTURE_AUTORELEASING = YES;
				CLANG_WARN_BOOL_CONVERSION = YES;
				CLANG_WARN_COMMA = YES;
				CLANG_WARN_CONSTANT_CONVERSION = YES;
				CLANG_WARN_DEPRECATED_OBJC_IMPLEMENTATIONS = YES;
				CLANG_WARN_DIRECT_OBJC_ISA_USAGE = YES_ERROR;
				CLANG_WARN_EMPTY_BODY = YES;
				CLANG_WARN_ENUM_CONVERSION = YES;
				CLANG_WARN_INFINITE_RECURSION = YES;
				CLANG_WARN_INT_CONVERSION = YES;
				CLANG_WARN_NON_LITERAL_NULL_CONVERSION = YES;
				CLANG_WARN_OBJC_IMPLICIT_RETAIN_SELF = YES;
				CLANG_WARN_OBJC_LITERAL_CONVERSION = YES;
				CLANG_WARN_OBJC_ROOT_CLASS = YES_ERROR;
				CLANG_WARN_RANGE_LOOP_ANALYSIS = YES;
				CLANG_WARN_STRICT_PROTOTYPES = YES;
				CLANG_WARN_SUSPICIOUS_MOVE = YES;
				CLANG_WARN_UNREACHABLE_CODE = YES;
				CLANG_WARN__DUPLICATE_METHOD_MATCH = YES;
				"CODE_SIGN_IDENTITY[sdk=iphoneos*]" = "iPhone Developer";
				COPY_PHASE_STRIP = NO;
				ENABLE_STRICT_OBJC_MSGSEND = YES;
				ENABLE_TESTABILITY = YES;
				GCC_C_LANGUAGE_STANDARD = gnu99;
				GCC_DYNAMIC_NO_PIC = NO;
				GCC_NO_COMMON_BLOCKS = YES;
				GCC_OPTIMIZATION_LEVEL = 0;
				GCC_PREPROCESSOR_DEFINITIONS = (
					"DEBUG=1",
					"$(inherited)",
				);
				GCC_SYMBOLS_PRIVATE_EXTERN = NO;
				GCC_WARN_64_TO_32_BIT_CONVERSION = YES;
				GCC_WARN_ABOUT_RETURN_TYPE = YES_ERROR;
				GCC_WARN_UNDECLARED_SELECTOR = YES;
				GCC_WARN_UNINITIALIZED_AUTOS = YES_AGGRESSIVE;
				GCC_WARN_UNUSED_FUNCTION = YES;
				GCC_WARN_UNUSED_VARIABLE = YES;
				IPHONEOS_DEPLOYMENT_TARGET = 9.0;
				MTL_ENABLE_DEBUG_INFO = YES;
				ONLY_ACTIVE_ARCH = YES;
				SDKROOT = iphoneos;
				TARGETED_DEVICE_FAMILY = "1,2";
			};
			name = Debug;
		};
		83CBBA211A601CBA00E9B192 /* Release */ = {
			isa = XCBuildConfiguration;
			buildSettings = {
				ALWAYS_SEARCH_USER_PATHS = NO;
				CLANG_CXX_LANGUAGE_STANDARD = "gnu++0x";
				CLANG_CXX_LIBRARY = "libc++";
				CLANG_ENABLE_MODULES = YES;
				CLANG_ENABLE_OBJC_ARC = YES;
				CLANG_WARN_BLOCK_CAPTURE_AUTORELEASING = YES;
				CLANG_WARN_BOOL_CONVERSION = YES;
				CLANG_WARN_COMMA = YES;
				CLANG_WARN_CONSTANT_CONVERSION = YES;
				CLANG_WARN_DEPRECATED_OBJC_IMPLEMENTATIONS = YES;
				CLANG_WARN_DIRECT_OBJC_ISA_USAGE = YES_ERROR;
				CLANG_WARN_EMPTY_BODY = YES;
				CLANG_WARN_ENUM_CONVERSION = YES;
				CLANG_WARN_INFINITE_RECURSION = YES;
				CLANG_WARN_INT_CONVERSION = YES;
				CLANG_WARN_NON_LITERAL_NULL_CONVERSION = YES;
				CLANG_WARN_OBJC_IMPLICIT_RETAIN_SELF = YES;
				CLANG_WARN_OBJC_LITERAL_CONVERSION = YES;
				CLANG_WARN_OBJC_ROOT_CLASS = YES_ERROR;
				CLANG_WARN_RANGE_LOOP_ANALYSIS = YES;
				CLANG_WARN_STRICT_PROTOTYPES = YES;
				CLANG_WARN_SUSPICIOUS_MOVE = YES;
				CLANG_WARN_UNREACHABLE_CODE = YES;
				CLANG_WARN__DUPLICATE_METHOD_MATCH = YES;
				"CODE_SIGN_IDENTITY[sdk=iphoneos*]" = "iPhone Developer";
				COPY_PHASE_STRIP = YES;
				ENABLE_NS_ASSERTIONS = NO;
				ENABLE_STRICT_OBJC_MSGSEND = YES;
				ENABLE_TESTABILITY = NO;
				GCC_C_LANGUAGE_STANDARD = gnu99;
				GCC_NO_COMMON_BLOCKS = YES;
				GCC_WARN_64_TO_32_BIT_CONVERSION = YES;
				GCC_WARN_ABOUT_RETURN_TYPE = YES_ERROR;
				GCC_WARN_UNDECLARED_SELECTOR = YES;
				GCC_WARN_UNINITIALIZED_AUTOS = YES_AGGRESSIVE;
				GCC_WARN_UNUSED_FUNCTION = YES;
				GCC_WARN_UNUSED_VARIABLE = YES;
				IPHONEOS_DEPLOYMENT_TARGET = 9.0;
				MTL_ENABLE_DEBUG_INFO = NO;
				ONLY_ACTIVE_ARCH = YES;
				SDKROOT = iphoneos;
				TARGETED_DEVICE_FAMILY = "1,2";
				VALIDATE_PRODUCT = YES;
			};
			name = Release;
		};
/* End XCBuildConfiguration section */

/* Begin XCConfigurationList section */
		13B07F931A680F5B00A75B9A /* Build configuration list for PBXNativeTarget "Melone" */ = {
			isa = XCConfigurationList;
			buildConfigurations = (
				13B07F941A680F5B00A75B9A /* Debug */,
				13B07F951A680F5B00A75B9A /* Release */,
			);
			defaultConfigurationIsVisible = 0;
			defaultConfigurationName = Release;
		};
		83CBB9FA1A601CBA00E9B192 /* Build configuration list for PBXProject "melone" */ = {
			isa = XCConfigurationList;
			buildConfigurations = (
				83CBBA201A601CBA00E9B192 /* Debug */,
				83CBBA211A601CBA00E9B192 /* Release */,
			);
			defaultConfigurationIsVisible = 0;
			defaultConfigurationName = Release;
		};
/* End XCConfigurationList section */
	};
	rootObject = 83CBB9F71A601CBA00E9B192 /* Project object */;
}
